
Microsoft Visual Studio Solution File, Format Version 12.00
# Visual Studio Version 17
VisualStudioVersion = 17.8.34309.116
MinimumVisualStudioVersion = 10.0.40219.1
Project("{FAE04EC0-301F-11D3-BF4B-00C04F79EFBC}") = "HTMLIntro_0", "HTMLIntro_0\HTMLIntro_0.csproj", "{FA076BB5-1FA1-4367-968C-869E64141491}"
EndProject
Global
	GlobalSection(SolutionConfigurationPlatforms) = preSolution
		Debug|Any CPU = Debug|Any CPU
		Release|Any CPU = Release|Any CPU
	EndGlobalSection
	GlobalSection(ProjectConfigurationPlatforms) = postSolution
		{FA076BB5-1FA1-4367-968C-869E64141491}.Debug|Any CPU.ActiveCfg = Debug|Any CPU
		{FA076BB5-1FA1-4367-968C-869E64141491}.Debug|Any CPU.Build.0 = Debug|Any CPU
		{FA076BB5-1FA1-4367-968C-869E64141491}.Release|Any CPU.ActiveCfg = Release|Any CPU
		{FA076BB5-1FA1-4367-968C-869E64141491}.Release|Any CPU.Build.0 = Release|Any CPU
	EndGlobalSection
	GlobalSection(SolutionProperties) = preSolution
		HideSolutionNode = FALSE
	EndGlobalSection
	GlobalSection(ExtensibilityGlobals) = postSolution
		SolutionGuid = {3B5229AA-B848-45B7-92B0-385D6E78D678}
	EndGlobalSection
EndGlobal
